
Microsoft Visual Studio Solution File, Format Version 12.00
# Visual Studio 15
Project("{FAE04EC0-301F-11D3-BF4B-00C04F79EFBC}") = "Assembly-CSharp", "Assembly-CSharp.csproj", "{8251DB32-180B-84CB-B48B-F93000BAB0D2}"
EndProject
Project("{FAE04EC0-301F-11D3-BF4B-00C04F79EFBC}") = "PlayFab", "PlayFab.csproj", "{7FEE425B-AC59-5818-6414-C3F66C4CFDC3}"
EndProject
Project("{FAE04EC0-301F-11D3-BF4B-00C04F79EFBC}") = "PlayFabEditorExtensions", "PlayFabEditorExtensions.csproj", "{2F4D43C5-D3A5-511B-9B47-27EFDAC3C0A7}"
EndProject
Project("{FAE04EC0-301F-11D3-BF4B-00C04F79EFBC}") = "Assembly-CSharp-Editor", "Assembly-CSharp-Editor.csproj", "{3AF7E97A-8995-AFF1-91AB-C00320E2A66A}"
EndProject
Project("{FAE04EC0-301F-11D3-BF4B-00C04F79EFBC}") = "PlayFabSDKEditor", "PlayFabSDKEditor.csproj", "{9E860F3E-00B9-EE13-D711-1773D2A9C765}"
EndProject
Global
	GlobalSection(SolutionConfigurationPlatforms) = preSolution
		Debug|Any CPU = Debug|Any CPU
		Release|Any CPU = Release|Any CPU
	EndGlobalSection
	GlobalSection(ProjectConfigurationPlatforms) = postSolution
		{8251DB32-180B-84CB-B48B-F93000BAB0D2}.Debug|Any CPU.ActiveCfg = Debug|Any CPU
		{8251DB32-180B-84CB-B48B-F93000BAB0D2}.Debug|Any CPU.Build.0 = Debug|Any CPU
		{8251DB32-180B-84CB-B48B-F93000BAB0D2}.Release|Any CPU.ActiveCfg = Release|Any CPU
		{8251DB32-180B-84CB-B48B-F93000BAB0D2}.Release|Any CPU.Build.0 = Release|Any CPU
		{7FEE425B-AC59-5818-6414-C3F66C4CFDC3}.Debug|Any CPU.ActiveCfg = Debug|Any CPU
		{7FEE425B-AC59-5818-6414-C3F66C4CFDC3}.Debug|Any CPU.Build.0 = Debug|Any CPU
		{7FEE425B-AC59-5818-6414-C3F66C4CFDC3}.Release|Any CPU.ActiveCfg = Release|Any CPU
		{7FEE425B-AC59-5818-6414-C3F66C4CFDC3}.Release|Any CPU.Build.0 = Release|Any CPU
		{2F4D43C5-D3A5-511B-9B47-27EFDAC3C0A7}.Debug|Any CPU.ActiveCfg = Debug|Any CPU
		{2F4D43C5-D3A5-511B-9B47-27EFDAC3C0A7}.Debug|Any CPU.Build.0 = Debug|Any CPU
		{2F4D43C5-D3A5-511B-9B47-27EFDAC3C0A7}.Release|Any CPU.ActiveCfg = Release|Any CPU
		{2F4D43C5-D3A5-511B-9B47-27EFDAC3C0A7}.Release|Any CPU.Build.0 = Release|Any CPU
		{3AF7E97A-8995-AFF1-91AB-C00320E2A66A}.Debug|Any CPU.ActiveCfg = Debug|Any CPU
		{3AF7E97A-8995-AFF1-91AB-C00320E2A66A}.Debug|Any CPU.Build.0 = Debug|Any CPU
		{3AF7E97A-8995-AFF1-91AB-C00320E2A66A}.Release|Any CPU.ActiveCfg = Release|Any CPU
		{3AF7E97A-8995-AFF1-91AB-C00320E2A66A}.Release|Any CPU.Build.0 = Release|Any CPU
		{9E860F3E-00B9-EE13-D711-1773D2A9C765}.Debug|Any CPU.ActiveCfg = Debug|Any CPU
		{9E860F3E-00B9-EE13-D711-1773D2A9C765}.Debug|Any CPU.Build.0 = Debug|Any CPU
		{9E860F3E-00B9-EE13-D711-1773D2A9C765}.Release|Any CPU.ActiveCfg = Release|Any CPU
		{9E860F3E-00B9-EE13-D711-1773D2A9C765}.Release|Any CPU.Build.0 = Release|Any CPU
	EndGlobalSection
	GlobalSection(SolutionProperties) = preSolution
		HideSolutionNode = FALSE
	EndGlobalSection
EndGlobal
